
Microsoft Visual Studio Solution File, Format Version 12.00
# Visual Studio 14
VisualStudioVersion = 14.0.25420.1
MinimumVisualStudioVersion = 10.0.40219.1
Project("{FAE04EC0-301F-11D3-BF4B-00C04F79EFBC}") = "sharp-ver", "sharp-ver\sharp-ver.csproj", "{280AFDC4-26C5-416B-86CB-8B93D1DC4965}"
EndProject
Global
	GlobalSection(SolutionConfigurationPlatforms) = preSolution
		Debug|Any CPU = Debug|Any CPU
		Release|Any CPU = Release|Any CPU
	EndGlobalSection
	GlobalSection(ProjectConfigurationPlatforms) = postSolution
		{280AFDC4-26C5-416B-86CB-8B93D1DC4965}.Debug|Any CPU.ActiveCfg = Debug|Any CPU
		{280AFDC4-26C5-416B-86CB-8B93D1DC4965}.Debug|Any CPU.Build.0 = Debug|Any CPU
		{280AFDC4-26C5-416B-86CB-8B93D1DC4965}.Release|Any CPU.ActiveCfg = Release|Any CPU
		{280AFDC4-26C5-416B-86CB-8B93D1DC4965}.Release|Any CPU.Build.0 = Release|Any CPU
	EndGlobalSection
	GlobalSection(SolutionProperties) = preSolution
		HideSolutionNode = FALSE
	EndGlobalSection
EndGlobal
